{
    "version": 3,
    "terraform_version": "0.9.11",
    "serial": 4,
    "lineage": "6a212e38-2a51-4b42-a334-45d71ad74385",
    "modules": [
        {
            "path": [
                "root"
            ],
            "outputs": {},
            "resources": {
                "aws_eip.Venkata-TerraEIP": {
                    "type": "aws_eip",
                    "depends_on": [],
                    "primary": {
                        "id": "eipalloc-f7778cc4",
                        "attributes": {
                            "association_id": "eipassoc-ddfce3ef",
                            "domain": "vpc",
                            "id": "eipalloc-f7778cc4",
                            "instance": "",
                            "network_interface": "eni-1f065cb0",
                            "private_ip": "10.0.0.69",
                            "public_ip": "34.231.86.122",
                            "vpc": "true"
                        },
                        "meta": {},
                        "tainted": false
                    },
                    "deposed": [],
                    "provider": ""
                },
                "aws_elb.Venkata-TerraELB": {
                    "type": "aws_elb",
                    "depends_on": [
                        "aws_instance.Venkata-TerraBitnami",
                        "aws_instance.Venkata-TerraLAMPStack",
                        "aws_security_group.Venkata-PublicSG",
                        "aws_subnet.Venkata-PublicSubnet-1",
                        "aws_subnet.Venkata-PublicSubnet-2"
                    ],
                    "primary": {
                        "id": "Venkata-TerraELB",
                        "attributes": {
                            "access_logs.#": "0",
                            "availability_zones.#": "2",
                            "availability_zones.1305112097": "us-east-1b",
                            "availability_zones.3569565595": "us-east-1a",
                            "connection_draining": "true",
                            "connection_draining_timeout": "400",
                            "cross_zone_load_balancing": "true",
                            "dns_name": "Venkata-TerraELB-521508380.us-east-1.elb.amazonaws.com",
                            "health_check.#": "1",
                            "health_check.0.healthy_threshold": "2",
                            "health_check.0.interval": "10",
                            "health_check.0.target": "TCP:22",
                            "health_check.0.timeout": "5",
                            "health_check.0.unhealthy_threshold": "3",
                            "id": "Venkata-TerraELB",
                            "idle_timeout": "400",
                            "instances.#": "2",
                            "instances.2546595050": "i-0d9713a6bd07f950d",
                            "instances.4012970946": "i-007fa1817e2246b0e",
                            "internal": "false",
                            "listener.#": "1",
                            "listener.3057123346.instance_port": "80",
                            "listener.3057123346.instance_protocol": "http",
                            "listener.3057123346.lb_port": "80",
                            "listener.3057123346.lb_protocol": "http",
                            "listener.3057123346.ssl_certificate_id": "",
                            "name": "Venkata-TerraELB",
                            "security_groups.#": "1",
                            "security_groups.4280595065": "sg-8d6d37fc",
                            "source_security_group": "411815166437/Venkata-PublicSG",
                            "source_security_group_id": "sg-8d6d37fc",
                            "subnets.#": "2",
                            "subnets.1419600112": "subnet-b53ba499",
                            "subnets.396849935": "subnet-4f5c0d07",
                            "tags.%": "1",
                            "tags.Name": "Venkata-TerraELB",
                            "zone_id": "Z35SXDOTRQ7X7K"
                        },
                        "meta": {},
                        "tainted": false
                    },
                    "deposed": [],
                    "provider": ""
                },
                "aws_instance.Venkata-TerraBastion": {
                    "type": "aws_instance",
                    "depends_on": [
                        "aws_network_interface.publicENI"
                    ],
                    "primary": {
                        "id": "i-0d486e7dbaac08be9",
                        "attributes": {
                            "ami": "ami-a4c7edb2",
                            "associate_public_ip_address": "false",
                            "availability_zone": "us-east-1b",
                            "disable_api_termination": "false",
                            "ebs_block_device.#": "1",
                            "ebs_block_device.2463545356.delete_on_termination": "true",
                            "ebs_block_device.2463545356.device_name": "/dev/sdm",
                            "ebs_block_device.2463545356.encrypted": "false",
                            "ebs_block_device.2463545356.iops": "100",
                            "ebs_block_device.2463545356.snapshot_id": "",
                            "ebs_block_device.2463545356.volume_size": "8",
                            "ebs_block_device.2463545356.volume_type": "io1",
                            "ebs_optimized": "false",
                            "ephemeral_block_device.#": "0",
                            "iam_instance_profile": "",
                            "id": "i-0d486e7dbaac08be9",
                            "instance_state": "running",
                            "instance_type": "t2.micro",
                            "ipv6_addresses.#": "0",
                            "key_name": "venkata-keypair",
                            "monitoring": "false",
                            "network_interface.#": "1",
                            "network_interface.4224863062.delete_on_termination": "false",
                            "network_interface.4224863062.device_index": "0",
                            "network_interface.4224863062.network_interface_id": "eni-34965de6",
                            "network_interface_id": "eni-34965de6",
                            "primary_network_interface_id": "eni-34965de6",
                            "private_dns": "ip-10-0-1-89.ec2.internal",
                            "private_ip": "10.0.1.89",
                            "public_dns": "",
                            "public_ip": "",
                            "root_block_device.#": "1",
                            "root_block_device.0.delete_on_termination": "true",
                            "root_block_device.0.iops": "100",
                            "root_block_device.0.volume_size": "8",
                            "root_block_device.0.volume_type": "gp2",
                            "security_groups.#": "0",
                            "source_dest_check": "true",
                            "subnet_id": "subnet-4f5c0d07",
                            "tags.%": "5",
                            "tags.Environment": "Testing",
                            "tags.ExpirationDate": "2017-07-30",
                            "tags.Name": "Venkata-TerraBastion",
                            "tags.Owner": "venkata.bandreddi",
                            "tags.Project": "Trainee",
                            "tenancy": "default",
                            "volume_tags.%": "3",
                            "volume_tags.auto:CreationDateTime": "2017-07-21T01:10:38Z",
                            "volume_tags.auto:Creator": "venkata.bandreddi",
                            "volume_tags.auto:CreatorArn": "arn:aws:iam::411815166437:user/venkata.bandreddi",
                            "vpc_security_group_ids.#": "1",
                            "vpc_security_group_ids.4280595065": "sg-8d6d37fc"
                        },
                        "meta": {
                            "e2bfb730-ecaa-11e6-8f88-34363bc7c4c0": {
                                "create": 600000000000,
                                "delete": 600000000000,
                                "update": 600000000000
                            },
                            "schema_version": "1"
                        },
                        "tainted": false
                    },
                    "deposed": [],
                    "provider": ""
                },
                "aws_instance.Venkata-TerraBitnami": {
                    "type": "aws_instance",
                    "depends_on": [
                        "aws_network_interface.privateENI"
                    ],
                    "primary": {
                        "id": "i-007fa1817e2246b0e",
                        "attributes": {
                            "ami": "ami-89f68a9f",
                            "associate_public_ip_address": "false",
                            "availability_zone": "us-east-1a",
                            "disable_api_termination": "false",
                            "ebs_block_device.#": "1",
                            "ebs_block_device.2463545356.delete_on_termination": "true",
                            "ebs_block_device.2463545356.device_name": "/dev/sdm",
                            "ebs_block_device.2463545356.encrypted": "false",
                            "ebs_block_device.2463545356.iops": "100",
                            "ebs_block_device.2463545356.snapshot_id": "",
                            "ebs_block_device.2463545356.volume_size": "8",
                            "ebs_block_device.2463545356.volume_type": "io1",
                            "ebs_optimized": "false",
                            "ephemeral_block_device.#": "0",
                            "iam_instance_profile": "",
                            "id": "i-007fa1817e2246b0e",
                            "instance_state": "running",
                            "instance_type": "t2.micro",
                            "ipv6_addresses.#": "0",
                            "key_name": "venkata-keypair",
                            "monitoring": "false",
                            "network_interface.#": "1",
                            "network_interface.1243784659.delete_on_termination": "false",
                            "network_interface.1243784659.device_index": "0",
                            "network_interface.1243784659.network_interface_id": "eni-ca4e6a65",
                            "network_interface_id": "eni-ca4e6a65",
                            "primary_network_interface_id": "eni-ca4e6a65",
                            "private_dns": "ip-10-0-2-252.ec2.internal",
                            "private_ip": "10.0.2.252",
                            "public_dns": "",
                            "public_ip": "",
                            "root_block_device.#": "1",
                            "root_block_device.0.delete_on_termination": "true",
                            "root_block_device.0.iops": "100",
                            "root_block_device.0.volume_size": "10",
                            "root_block_device.0.volume_type": "gp2",
                            "security_groups.#": "0",
                            "source_dest_check": "true",
                            "subnet_id": "subnet-7935aa55",
                            "tags.%": "5",
                            "tags.Environment": "Testing",
                            "tags.ExpirationDate": "2017-07-30",
                            "tags.Name": "Venkata-TerraBitnami",
                            "tags.Owner": "venkata.bandreddi",
                            "tags.Project": "Trainee",
                            "tenancy": "default",
                            "volume_tags.%": "3",
                            "volume_tags.auto:CreationDateTime": "2017-07-21T01:12:39Z",
                            "volume_tags.auto:Creator": "venkata.bandreddi",
                            "volume_tags.auto:CreatorArn": "arn:aws:iam::411815166437:user/venkata.bandreddi",
                            "vpc_security_group_ids.#": "1",
                            "vpc_security_group_ids.2184737781": "sg-096c3678"
                        },
                        "meta": {
                            "e2bfb730-ecaa-11e6-8f88-34363bc7c4c0": {
                                "create": 600000000000,
                                "delete": 600000000000,
                                "update": 600000000000
                            },
                            "schema_version": "1"
                        },
                        "tainted": false
                    },
                    "deposed": [],
                    "provider": ""
                },
                "aws_instance.Venkata-TerraLAMPStack": {
                    "type": "aws_instance",
                    "depends_on": [
                        "aws_network_interface.privateNI",
                        "data.template_file.user_data"
                    ],
                    "primary": {
                        "id": "i-0d9713a6bd07f950d",
                        "attributes": {
                            "ami": "ami-a4c7edb2",
                            "associate_public_ip_address": "false",
                            "availability_zone": "us-east-1a",
                            "disable_api_termination": "false",
                            "ebs_block_device.#": "1",
                            "ebs_block_device.2463545356.delete_on_termination": "true",
                            "ebs_block_device.2463545356.device_name": "/dev/sdm",
                            "ebs_block_device.2463545356.encrypted": "false",
                            "ebs_block_device.2463545356.iops": "100",
                            "ebs_block_device.2463545356.snapshot_id": "",
                            "ebs_block_device.2463545356.volume_size": "8",
                            "ebs_block_device.2463545356.volume_type": "io1",
                            "ebs_optimized": "false",
                            "ephemeral_block_device.#": "0",
                            "iam_instance_profile": "",
                            "id": "i-0d9713a6bd07f950d",
                            "instance_state": "running",
                            "instance_type": "t2.micro",
                            "ipv6_addresses.#": "0",
                            "key_name": "venkata-keypair",
                            "monitoring": "false",
                            "network_interface.#": "1",
                            "network_interface.1302531885.delete_on_termination": "false",
                            "network_interface.1302531885.device_index": "0",
                            "network_interface.1302531885.network_interface_id": "eni-57496df8",
                            "network_interface_id": "eni-57496df8",
                            "primary_network_interface_id": "eni-57496df8",
                            "private_dns": "ip-10-0-2-208.ec2.internal",
                            "private_ip": "10.0.2.208",
                            "public_dns": "",
                            "public_ip": "",
                            "root_block_device.#": "1",
                            "root_block_device.0.delete_on_termination": "true",
                            "root_block_device.0.iops": "100",
                            "root_block_device.0.volume_size": "8",
                            "root_block_device.0.volume_type": "gp2",
                            "security_groups.#": "0",
                            "source_dest_check": "true",
                            "subnet_id": "subnet-7935aa55",
                            "tags.%": "5",
                            "tags.Environment": "Testing",
                            "tags.ExpirationDate": "2017-07-30",
                            "tags.Name": "Venkata-TerraLAMPStack",
                            "tags.Owner": "venkata.bandreddi",
                            "tags.Project": "Trainee",
                            "tenancy": "default",
                            "user_data": "da21e820159cd49cb162aa740adaf6fb5841011f",
                            "volume_tags.%": "3",
                            "volume_tags.auto:CreationDateTime": "2017-07-21T01:12:39Z",
                            "volume_tags.auto:Creator": "venkata.bandreddi",
                            "volume_tags.auto:CreatorArn": "arn:aws:iam::411815166437:user/venkata.bandreddi",
                            "vpc_security_group_ids.#": "1",
                            "vpc_security_group_ids.2184737781": "sg-096c3678"
                        },
                        "meta": {
                            "e2bfb730-ecaa-11e6-8f88-34363bc7c4c0": {
                                "create": 600000000000,
                                "delete": 600000000000,
                                "update": 600000000000
                            },
                            "schema_version": "1"
                        },
                        "tainted": false
                    },
                    "deposed": [],
                    "provider": ""
                },
                "aws_internet_gateway.Venkata-TerraIGW": {
                    "type": "aws_internet_gateway",
                    "depends_on": [
                        "aws_vpc.Venkata-TerraVPC"
                    ],
                    "primary": {
                        "id": "igw-affaaec9",
                        "attributes": {
                            "id": "igw-affaaec9",
                            "tags.%": "0",
                            "vpc_id": "vpc-421e7f3b"
                        },
                        "meta": {},
                        "tainted": false
                    },
                    "deposed": [],
                    "provider": ""
                },
                "aws_nat_gateway.Venkata-TerraNGW": {
                    "type": "aws_nat_gateway",
                    "depends_on": [
                        "aws_eip.Venkata-TerraEIP",
                        "aws_internet_gateway.Venkata-TerraIGW",
                        "aws_subnet.Venkata-PublicSubnet-1"
                    ],
                    "primary": {
                        "id": "nat-0a85598079e0d16ac",
                        "attributes": {
                            "allocation_id": "eipalloc-f7778cc4",
                            "id": "nat-0a85598079e0d16ac",
                            "network_interface_id": "eni-1f065cb0",
                            "private_ip": "10.0.0.69",
                            "public_ip": "34.231.86.122",
                            "subnet_id": "subnet-b53ba499"
                        },
                        "meta": {},
                        "tainted": false
                    },
                    "deposed": [],
                    "provider": ""
                },
                "aws_network_interface.privateENI": {
                    "type": "aws_network_interface",
                    "depends_on": [
                        "aws_security_group.Venkata-PrivateSG",
                        "aws_subnet.Venkata-PrivateSubnet-1"
                    ],
                    "primary": {
                        "id": "eni-ca4e6a65",
                        "attributes": {
                            "attachment.#": "1",
                            "attachment.4149699918.attachment_id": "eni-attach-42eceaa1",
                            "attachment.4149699918.device_index": "0",
                            "attachment.4149699918.instance": "i-007fa1817e2246b0e",
                            "description": "",
                            "id": "eni-ca4e6a65",
                            "private_ip": "10.0.2.252",
                            "private_ips.#": "1",
                            "private_ips.3853935089": "10.0.2.252",
                            "security_groups.#": "1",
                            "security_groups.2184737781": "sg-096c3678",
                            "source_dest_check": "true",
                            "subnet_id": "subnet-7935aa55",
                            "tags.%": "0"
                        },
                        "meta": {},
                        "tainted": false
                    },
                    "deposed": [],
                    "provider": ""
                },
                "aws_network_interface.privateNI": {
                    "type": "aws_network_interface",
                    "depends_on": [
                        "aws_security_group.Venkata-PrivateSG",
                        "aws_subnet.Venkata-PrivateSubnet-1"
                    ],
                    "primary": {
                        "id": "eni-57496df8",
                        "attributes": {
                            "attachment.#": "1",
                            "attachment.1666215275.attachment_id": "eni-attach-41eceaa2",
                            "attachment.1666215275.device_index": "0",
                            "attachment.1666215275.instance": "i-0d9713a6bd07f950d",
                            "description": "",
                            "id": "eni-57496df8",
                            "private_ip": "10.0.2.208",
                            "private_ips.#": "1",
                            "private_ips.2014608554": "10.0.2.208",
                            "security_groups.#": "1",
                            "security_groups.2184737781": "sg-096c3678",
                            "source_dest_check": "true",
                            "subnet_id": "subnet-7935aa55",
                            "tags.%": "0"
                        },
                        "meta": {},
                        "tainted": false
                    },
                    "deposed": [],
                    "provider": ""
                },
                "aws_network_interface.publicENI": {
                    "type": "aws_network_interface",
                    "depends_on": [
                        "aws_security_group.Venkata-PublicSG",
                        "aws_subnet.Venkata-PublicSubnet-2"
                    ],
                    "primary": {
                        "id": "eni-34965de6",
                        "attributes": {
                            "attachment.#": "1",
                            "attachment.1424118977.attachment_id": "eni-attach-1e044ffb",
                            "attachment.1424118977.device_index": "0",
                            "attachment.1424118977.instance": "i-0d486e7dbaac08be9",
                            "description": "",
                            "id": "eni-34965de6",
                            "private_ip": "10.0.1.89",
                            "private_ips.#": "1",
                            "private_ips.2371454870": "10.0.1.89",
                            "security_groups.#": "1",
                            "security_groups.4280595065": "sg-8d6d37fc",
                            "source_dest_check": "true",
                            "subnet_id": "subnet-4f5c0d07",
                            "tags.%": "0"
                        },
                        "meta": {},
                        "tainted": false
                    },
                    "deposed": [],
                    "provider": ""
                },
                "aws_route.Venkata-terraPriroute": {
                    "type": "aws_route",
                    "depends_on": [
                        "aws_nat_gateway.Venkata-TerraNGW",
                        "aws_route_table.VenkataPrivateRT"
                    ],
                    "primary": {
                        "id": "r-rtb-89ad9bf11080289494",
                        "attributes": {
                            "destination_cidr_block": "0.0.0.0/0",
                            "destination_prefix_list_id": "",
                            "egress_only_gateway_id": "",
                            "gateway_id": "",
                            "id": "r-rtb-89ad9bf11080289494",
                            "instance_id": "",
                            "instance_owner_id": "",
                            "nat_gateway_id": "nat-0a85598079e0d16ac",
                            "network_interface_id": "",
                            "origin": "CreateRoute",
                            "route_table_id": "rtb-89ad9bf1",
                            "state": "active",
                            "vpc_peering_connection_id": ""
                        },
                        "meta": {},
                        "tainted": false
                    },
                    "deposed": [],
                    "provider": ""
                },
                "aws_route.Venkata-terraPubroute": {
                    "type": "aws_route",
                    "depends_on": [
                        "aws_internet_gateway.Venkata-TerraIGW",
                        "aws_route_table.VenkataPublicRT"
                    ],
                    "primary": {
                        "id": "r-rtb-63ab9d1b1080289494",
                        "attributes": {
                            "destination_cidr_block": "0.0.0.0/0",
                            "destination_prefix_list_id": "",
                            "egress_only_gateway_id": "",
                            "gateway_id": "igw-affaaec9",
                            "id": "r-rtb-63ab9d1b1080289494",
                            "instance_id": "",
                            "instance_owner_id": "",
                            "nat_gateway_id": "",
                            "network_interface_id": "",
                            "origin": "CreateRoute",
                            "route_table_id": "rtb-63ab9d1b",
                            "state": "active",
                            "vpc_peering_connection_id": ""
                        },
                        "meta": {},
                        "tainted": false
                    },
                    "deposed": [],
                    "provider": ""
                },
                "aws_route_table.VenkataPrivateRT": {
                    "type": "aws_route_table",
                    "depends_on": [
                        "aws_vpc.Venkata-TerraVPC"
                    ],
                    "primary": {
                        "id": "rtb-89ad9bf1",
                        "attributes": {
                            "id": "rtb-89ad9bf1",
                            "propagating_vgws.#": "0",
                            "route.#": "1",
                            "route.431063444.cidr_block": "0.0.0.0/0",
                            "route.431063444.egress_only_gateway_id": "",
                            "route.431063444.gateway_id": "",
                            "route.431063444.instance_id": "",
                            "route.431063444.ipv6_cidr_block": "",
                            "route.431063444.nat_gateway_id": "nat-0a85598079e0d16ac",
                            "route.431063444.network_interface_id": "",
                            "route.431063444.vpc_peering_connection_id": "",
                            "tags.%": "1",
                            "tags.Name": "VenkataPrivateRT",
                            "vpc_id": "vpc-421e7f3b"
                        },
                        "meta": {},
                        "tainted": false
                    },
                    "deposed": [],
                    "provider": ""
                },
                "aws_route_table.VenkataPublicRT": {
                    "type": "aws_route_table",
                    "depends_on": [
                        "aws_vpc.Venkata-TerraVPC"
                    ],
                    "primary": {
                        "id": "rtb-63ab9d1b",
                        "attributes": {
                            "id": "rtb-63ab9d1b",
                            "propagating_vgws.#": "0",
                            "route.#": "1",
                            "route.950936442.cidr_block": "0.0.0.0/0",
                            "route.950936442.egress_only_gateway_id": "",
                            "route.950936442.gateway_id": "igw-affaaec9",
                            "route.950936442.instance_id": "",
                            "route.950936442.ipv6_cidr_block": "",
                            "route.950936442.nat_gateway_id": "",
                            "route.950936442.network_interface_id": "",
                            "route.950936442.vpc_peering_connection_id": "",
                            "tags.%": "1",
                            "tags.Name": "VenkataPublicRT",
                            "vpc_id": "vpc-421e7f3b"
                        },
                        "meta": {},
                        "tainted": false
                    },
                    "deposed": [],
                    "provider": ""
                },
                "aws_route_table_association.PrivateSubnet1RouteTableAssociation": {
                    "type": "aws_route_table_association",
                    "depends_on": [
                        "aws_route_table.VenkataPrivateRT",
                        "aws_subnet.Venkata-PrivateSubnet-1"
                    ],
                    "primary": {
                        "id": "rtbassoc-4f44a635",
                        "attributes": {
                            "id": "rtbassoc-4f44a635",
                            "route_table_id": "rtb-89ad9bf1",
                            "subnet_id": "subnet-7935aa55"
                        },
                        "meta": {},
                        "tainted": false
                    },
                    "deposed": [],
                    "provider": ""
                },
                "aws_route_table_association.PrivateSubnet2RouteTableAssociation": {
                    "type": "aws_route_table_association",
                    "depends_on": [
                        "aws_route_table.VenkataPrivateRT",
                        "aws_subnet.Venkata-PrivateSubnet-2"
                    ],
                    "primary": {
                        "id": "rtbassoc-0050b27a",
                        "attributes": {
                            "id": "rtbassoc-0050b27a",
                            "route_table_id": "rtb-89ad9bf1",
                            "subnet_id": "subnet-fa5e0fb2"
                        },
                        "meta": {},
                        "tainted": false
                    },
                    "deposed": [],
                    "provider": ""
                },
                "aws_route_table_association.PublicSubnet1RouteTableAssociation": {
                    "type": "aws_route_table_association",
                    "depends_on": [
                        "aws_route_table.VenkataPublicRT",
                        "aws_subnet.Venkata-PublicSubnet-1"
                    ],
                    "primary": {
                        "id": "rtbassoc-1e45a764",
                        "attributes": {
                            "id": "rtbassoc-1e45a764",
                            "route_table_id": "rtb-63ab9d1b",
                            "subnet_id": "subnet-b53ba499"
                        },
                        "meta": {},
                        "tainted": false
                    },
                    "deposed": [],
                    "provider": ""
                },
                "aws_route_table_association.PublicSubnet2RouteTableAssociation": {
                    "type": "aws_route_table_association",
                    "depends_on": [
                        "aws_route_table.VenkataPublicRT",
                        "aws_subnet.Venkata-PublicSubnet-2"
                    ],
                    "primary": {
                        "id": "rtbassoc-354cae4f",
                        "attributes": {
                            "id": "rtbassoc-354cae4f",
                            "route_table_id": "rtb-63ab9d1b",
                            "subnet_id": "subnet-4f5c0d07"
                        },
                        "meta": {},
                        "tainted": false
                    },
                    "deposed": [],
                    "provider": ""
                },
                "aws_security_group.Venkata-PrivateSG": {
                    "type": "aws_security_group",
                    "depends_on": [
                        "aws_vpc.Venkata-TerraVPC"
                    ],
                    "primary": {
                        "id": "sg-096c3678",
                        "attributes": {
                            "description": "Allow MyIP inbound traffic",
                            "egress.#": "0",
                            "id": "sg-096c3678",
                            "ingress.#": "3",
                            "ingress.1829582617.cidr_blocks.#": "1",
                            "ingress.1829582617.cidr_blocks.0": "10.0.0.0/16",
                            "ingress.1829582617.from_port": "443",
                            "ingress.1829582617.ipv6_cidr_blocks.#": "0",
                            "ingress.1829582617.protocol": "tcp",
                            "ingress.1829582617.security_groups.#": "0",
                            "ingress.1829582617.self": "false",
                            "ingress.1829582617.to_port": "443",
                            "ingress.2165049311.cidr_blocks.#": "1",
                            "ingress.2165049311.cidr_blocks.0": "10.0.0.0/16",
                            "ingress.2165049311.from_port": "80",
                            "ingress.2165049311.ipv6_cidr_blocks.#": "0",
                            "ingress.2165049311.protocol": "tcp",
                            "ingress.2165049311.security_groups.#": "0",
                            "ingress.2165049311.self": "false",
                            "ingress.2165049311.to_port": "80",
                            "ingress.931551850.cidr_blocks.#": "1",
                            "ingress.931551850.cidr_blocks.0": "10.0.0.0/16",
                            "ingress.931551850.from_port": "22",
                            "ingress.931551850.ipv6_cidr_blocks.#": "0",
                            "ingress.931551850.protocol": "tcp",
                            "ingress.931551850.security_groups.#": "0",
                            "ingress.931551850.self": "false",
                            "ingress.931551850.to_port": "22",
                            "name": "Venkata-PrivateSG",
                            "owner_id": "411815166437",
                            "tags.%": "1",
                            "tags.Name": "Venkata-PrivateSG",
                            "vpc_id": "vpc-421e7f3b"
                        },
                        "meta": {},
                        "tainted": false
                    },
                    "deposed": [],
                    "provider": ""
                },
                "aws_security_group.Venkata-PublicSG": {
                    "type": "aws_security_group",
                    "depends_on": [
                        "aws_vpc.Venkata-TerraVPC"
                    ],
                    "primary": {
                        "id": "sg-8d6d37fc",
                        "attributes": {
                            "description": "Allow MyIP inbound traffic",
                            "egress.#": "0",
                            "id": "sg-8d6d37fc",
                            "ingress.#": "3",
                            "ingress.1413039432.cidr_blocks.#": "1",
                            "ingress.1413039432.cidr_blocks.0": "72.196.48.126/32",
                            "ingress.1413039432.from_port": "22",
                            "ingress.1413039432.ipv6_cidr_blocks.#": "0",
                            "ingress.1413039432.protocol": "tcp",
                            "ingress.1413039432.security_groups.#": "0",
                            "ingress.1413039432.self": "false",
                            "ingress.1413039432.to_port": "22",
                            "ingress.2385752374.cidr_blocks.#": "1",
                            "ingress.2385752374.cidr_blocks.0": "72.196.48.126/32",
                            "ingress.2385752374.from_port": "443",
                            "ingress.2385752374.ipv6_cidr_blocks.#": "0",
                            "ingress.2385752374.protocol": "tcp",
                            "ingress.2385752374.security_groups.#": "0",
                            "ingress.2385752374.self": "false",
                            "ingress.2385752374.to_port": "443",
                            "ingress.3947135547.cidr_blocks.#": "1",
                            "ingress.3947135547.cidr_blocks.0": "72.196.48.126/32",
                            "ingress.3947135547.from_port": "80",
                            "ingress.3947135547.ipv6_cidr_blocks.#": "0",
                            "ingress.3947135547.protocol": "tcp",
                            "ingress.3947135547.security_groups.#": "0",
                            "ingress.3947135547.self": "false",
                            "ingress.3947135547.to_port": "80",
                            "name": "Venkata-PublicSG",
                            "owner_id": "411815166437",
                            "tags.%": "1",
                            "tags.Name": "Venkata-PublicSG",
                            "vpc_id": "vpc-421e7f3b"
                        },
                        "meta": {},
                        "tainted": false
                    },
                    "deposed": [],
                    "provider": ""
                },
                "aws_subnet.Venkata-PrivateSubnet-1": {
                    "type": "aws_subnet",
                    "depends_on": [
                        "aws_vpc.Venkata-TerraVPC"
                    ],
                    "primary": {
                        "id": "subnet-7935aa55",
                        "attributes": {
                            "assign_ipv6_address_on_creation": "false",
                            "availability_zone": "us-east-1a",
                            "cidr_block": "10.0.2.0/24",
                            "id": "subnet-7935aa55",
                            "map_public_ip_on_launch": "false",
                            "tags.%": "1",
                            "tags.Name": "Venkata-PrivateSubnet-1",
                            "vpc_id": "vpc-421e7f3b"
                        },
                        "meta": {
                            "schema_version": "1"
                        },
                        "tainted": false
                    },
                    "deposed": [],
                    "provider": ""
                },
                "aws_subnet.Venkata-PrivateSubnet-2": {
                    "type": "aws_subnet",
                    "depends_on": [
                        "aws_vpc.Venkata-TerraVPC"
                    ],
                    "primary": {
                        "id": "subnet-fa5e0fb2",
                        "attributes": {
                            "assign_ipv6_address_on_creation": "false",
                            "availability_zone": "us-east-1b",
                            "cidr_block": "10.0.3.0/24",
                            "id": "subnet-fa5e0fb2",
                            "map_public_ip_on_launch": "false",
                            "tags.%": "1",
                            "tags.Name": "Venkata-PrivateSubnet-2",
                            "vpc_id": "vpc-421e7f3b"
                        },
                        "meta": {
                            "schema_version": "1"
                        },
                        "tainted": false
                    },
                    "deposed": [],
                    "provider": ""
                },
                "aws_subnet.Venkata-PublicSubnet-1": {
                    "type": "aws_subnet",
                    "depends_on": [
                        "aws_vpc.Venkata-TerraVPC"
                    ],
                    "primary": {
                        "id": "subnet-b53ba499",
                        "attributes": {
                            "assign_ipv6_address_on_creation": "false",
                            "availability_zone": "us-east-1a",
                            "cidr_block": "10.0.0.0/24",
                            "id": "subnet-b53ba499",
                            "map_public_ip_on_launch": "false",
                            "tags.%": "1",
                            "tags.Name": "Venkata-PublicSubnet-1",
                            "vpc_id": "vpc-421e7f3b"
                        },
                        "meta": {
                            "schema_version": "1"
                        },
                        "tainted": false
                    },
                    "deposed": [],
                    "provider": ""
                },
                "aws_subnet.Venkata-PublicSubnet-2": {
                    "type": "aws_subnet",
                    "depends_on": [
                        "aws_vpc.Venkata-TerraVPC"
                    ],
                    "primary": {
                        "id": "subnet-4f5c0d07",
                        "attributes": {
                            "assign_ipv6_address_on_creation": "false",
                            "availability_zone": "us-east-1b",
                            "cidr_block": "10.0.1.0/24",
                            "id": "subnet-4f5c0d07",
                            "map_public_ip_on_launch": "false",
                            "tags.%": "1",
                            "tags.Name": "Venkata-PublicSubnet-2",
                            "vpc_id": "vpc-421e7f3b"
                        },
                        "meta": {
                            "schema_version": "1"
                        },
                        "tainted": false
                    },
                    "deposed": [],
                    "provider": ""
                },
                "aws_vpc.Venkata-TerraVPC": {
                    "type": "aws_vpc",
                    "depends_on": [],
                    "primary": {
                        "id": "vpc-421e7f3b",
                        "attributes": {
                            "assign_generated_ipv6_cidr_block": "false",
                            "cidr_block": "10.0.0.0/16",
                            "default_network_acl_id": "acl-768c870f",
                            "default_route_table_id": "rtb-8a96a0f2",
                            "default_security_group_id": "sg-bf742ece",
                            "dhcp_options_id": "dopt-cfe5f5ad",
                            "enable_classiclink": "false",
                            "enable_dns_hostnames": "true",
                            "enable_dns_support": "true",
                            "id": "vpc-421e7f3b",
                            "instance_tenancy": "default",
                            "main_route_table_id": "rtb-8a96a0f2",
                            "tags.%": "1",
                            "tags.Name": "Venkata-TerraVPC"
                        },
                        "meta": {
                            "schema_version": "1"
                        },
                        "tainted": false
                    },
                    "deposed": [],
                    "provider": ""
                },
                "data.template_file.user_data": {
                    "type": "template_file",
                    "depends_on": [],
                    "primary": {
                        "id": "34f6734069cab08908f9a804d0dcf70344c586809042c7e394fe6e3fd6d392f2",
                        "attributes": {
                            "id": "34f6734069cab08908f9a804d0dcf70344c586809042c7e394fe6e3fd6d392f2",
                            "rendered": "\"#!/bin/bash \\n \",\n                  \"sudo yum update -y \\n\",\n                  \"sudo su \\n\",\n                  \"cd \\n\",\n                  \"cd ~ \\n\",\n                  \"curl -L https://www.opscode.com/chef/install.sh | bash \\n\",\n                  \"chef -v \\n\",\n                  \"curl https://omnitruck.chef.io/install.sh | sudo bash -s -- -P chefdk -c ^Cable -v 0.18.30 \\n\",\n                  \"wget https://s3.amazonaws.com/venkatarean/LAMP.zip \\n\",\n                  \"yum install zip \\n\",\n                  \"unzip LAMP.zip \\n\",\n                  \"rm LAMP.zip \\n\",\n                  \"wget https://s3.amazonaws.com/venkatarean/web.json \\n\",\n                  \"wget https://s3.amazonaws.com/venkatarean/solo.rb \\n\",\n                  \"chef-solo -c solo.rb -j web.json \\n\",\n                  \"echo '\u003c?php phpinfo(); ?\u003e' \u003e /var/www/html/phpinfo.php \\n\",\n                  \"chef-solo -c solo.rb -j web.json \\n\"\n",
                            "template": "\"#!/bin/bash \\n \",\n                  \"sudo yum update -y \\n\",\n                  \"sudo su \\n\",\n                  \"cd \\n\",\n                  \"cd ~ \\n\",\n                  \"curl -L https://www.opscode.com/chef/install.sh | bash \\n\",\n                  \"chef -v \\n\",\n                  \"curl https://omnitruck.chef.io/install.sh | sudo bash -s -- -P chefdk -c ^Cable -v 0.18.30 \\n\",\n                  \"wget https://s3.amazonaws.com/venkatarean/LAMP.zip \\n\",\n                  \"yum install zip \\n\",\n                  \"unzip LAMP.zip \\n\",\n                  \"rm LAMP.zip \\n\",\n                  \"wget https://s3.amazonaws.com/venkatarean/web.json \\n\",\n                  \"wget https://s3.amazonaws.com/venkatarean/solo.rb \\n\",\n                  \"chef-solo -c solo.rb -j web.json \\n\",\n                  \"echo '\u003c?php phpinfo(); ?\u003e' \u003e /var/www/html/phpinfo.php \\n\",\n                  \"chef-solo -c solo.rb -j web.json \\n\"\n"
                        },
                        "meta": {},
                        "tainted": false
                    },
                    "deposed": [],
                    "provider": ""
                }
            },
            "depends_on": []
        }
    ]
}
